// !$*UTF8*$!
{
	archiveVersion = 1;
	classes = {
	};
	objectVersion = 46;
	objects = {

/* Begin PBXBuildFile section */
		2D0EDCC520B1B24800FD74D8 /* MockStatefulTabBarController.swift in Sources */ = {isa = PBXBuildFile; fileRef = 2D0EDCC120B1B20300FD74D8 /* MockStatefulTabBarController.swift */; };
		2D0EDCC820B1B84700FD74D8 /* StatefulTabBarControllerSpec.swift in Sources */ = {isa = PBXBuildFile; fileRef = 2D0EDCC620B1B82C00FD74D8 /* StatefulTabBarControllerSpec.swift */; };
		2D399AB720E560A600D4F83E /* DelegationViewController.swift in Sources */ = {isa = PBXBuildFile; fileRef = 2D399AB620E560A600D4F83E /* DelegationViewController.swift */; };
		2D399AB920E5613900D4F83E /* ContainmentViewController.swift in Sources */ = {isa = PBXBuildFile; fileRef = 2D399AB820E5613900D4F83E /* ContainmentViewController.swift */; };
		2D399ABB20E5615500D4F83E /* NavigationViewController.swift in Sources */ = {isa = PBXBuildFile; fileRef = 2D399ABA20E5615500D4F83E /* NavigationViewController.swift */; };
		2D399ABD20E564EB00D4F83E /* ContainmentChildViewController.swift in Sources */ = {isa = PBXBuildFile; fileRef = 2D399ABC20E564EB00D4F83E /* ContainmentChildViewController.swift */; };
		2D399AC220E5799400D4F83E /* NavigationInfoViewController.swift in Sources */ = {isa = PBXBuildFile; fileRef = 2D399AC120E5799400D4F83E /* NavigationInfoViewController.swift */; };
		2D399AC420E57B2D00D4F83E /* NavigationSetUsernameViewController.swift in Sources */ = {isa = PBXBuildFile; fileRef = 2D399AC320E57B2D00D4F83E /* NavigationSetUsernameViewController.swift */; };
		2D64C83420DAE9AA00D368AF /* MockNavigationState.swift in Sources */ = {isa = PBXBuildFile; fileRef = 2D64C83220DAE96900D368AF /* MockNavigationState.swift */; };
		2D8C9093206A886B00B0F613 /* LaunchScreen.storyboard in Resources */ = {isa = PBXBuildFile; fileRef = 2D8C9092206A886B00B0F613 /* LaunchScreen.storyboard */; };
		2DD5EAFB20AF89B20059365E /* StatefulNavigationControllerSpec.swift in Sources */ = {isa = PBXBuildFile; fileRef = 2DD5EAFA20AF89B20059365E /* StatefulNavigationControllerSpec.swift */; };
		2DD5EB0020AF8B420059365E /* MockStatefulNavigationController.swift in Sources */ = {isa = PBXBuildFile; fileRef = 2DD5EAFF20AF8B420059365E /* MockStatefulNavigationController.swift */; };
		2DD5EB0220AF8B550059365E /* MockState.swift in Sources */ = {isa = PBXBuildFile; fileRef = 2DD5EB0120AF8B550059365E /* MockState.swift */; };
		2DD5EB0520AF90380059365E /* NSLayoutConstraint+isPinning.swift in Sources */ = {isa = PBXBuildFile; fileRef = 2DD5EB0420AF90380059365E /* NSLayoutConstraint+isPinning.swift */; };
		2DD774D72065490D00DF05D1 /* RootViewController.swift in Sources */ = {isa = PBXBuildFile; fileRef = 2DD774CB2065490C00DF05D1 /* RootViewController.swift */; };
		2DD774D82065490D00DF05D1 /* Assets.xcassets in Resources */ = {isa = PBXBuildFile; fileRef = 2DD774CC2065490C00DF05D1 /* Assets.xcassets */; };
		2DD774E02065490D00DF05D1 /* AppDelegate.swift in Sources */ = {isa = PBXBuildFile; fileRef = 2DD774D62065490D00DF05D1 /* AppDelegate.swift */; };
		2DEF643C20655111000174ED /* MockUIViewController.swift in Sources */ = {isa = PBXBuildFile; fileRef = 2DEF643B20655111000174ED /* MockUIViewController.swift */; };
		2DEF644620655328000174ED /* MockStatefulViewController.swift in Sources */ = {isa = PBXBuildFile; fileRef = 2DEF644120655328000174ED /* MockStatefulViewController.swift */; };
		2DEF644720655328000174ED /* ChildViewControllerSpec.swift in Sources */ = {isa = PBXBuildFile; fileRef = 2DEF644220655328000174ED /* ChildViewControllerSpec.swift */; };
		2DEF644820655328000174ED /* StatefulViewControllerSpec.swift in Sources */ = {isa = PBXBuildFile; fileRef = 2DEF644320655328000174ED /* StatefulViewControllerSpec.swift */; };
		D5EA8C7C33470CA741ABEF93 /* Pods_Reinstate_Example.framework in Frameworks */ = {isa = PBXBuildFile; fileRef = 0A1FB253ACB4FBA91DFBE9B5 /* Pods_Reinstate_Example.framework */; };
		FE21169CC0723F3B30382AF4 /* Pods_Reinstate_Tests.framework in Frameworks */ = {isa = PBXBuildFile; fileRef = 47B4C45D42B667F9099200F8 /* Pods_Reinstate_Tests.framework */; };
/* End PBXBuildFile section */

/* Begin PBXContainerItemProxy section */
		607FACE61AFB9204008FA782 /* PBXContainerItemProxy */ = {
			isa = PBXContainerItemProxy;
			containerPortal = 607FACC81AFB9204008FA782 /* Project object */;
			proxyType = 1;
			remoteGlobalIDString = 607FACCF1AFB9204008FA782;
			remoteInfo = Reinstate;
		};
/* End PBXContainerItemProxy section */

/* Begin PBXFileReference section */
		0A1FB253ACB4FBA91DFBE9B5 /* Pods_Reinstate_Example.framework */ = {isa = PBXFileReference; explicitFileType = wrapper.framework; includeInIndex = 0; path = Pods_Reinstate_Example.framework; sourceTree = BUILT_PRODUCTS_DIR; };
		0E62A14BACAEA661656BA4FE /* README.md */ = {isa = PBXFileReference; includeInIndex = 1; lastKnownFileType = net.daringfireball.markdown; name = README.md; path = ../../README.md; sourceTree = "<group>"; };
		2D0EDCC120B1B20300FD74D8 /* MockStatefulTabBarController.swift */ = {isa = PBXFileReference; lastKnownFileType = sourcecode.swift; path = MockStatefulTabBarController.swift; sourceTree = "<group>"; };
		2D0EDCC620B1B82C00FD74D8 /* StatefulTabBarControllerSpec.swift */ = {isa = PBXFileReference; lastKnownFileType = sourcecode.swift; path = StatefulTabBarControllerSpec.swift; sourceTree = "<group>"; };
		2D399AB620E560A600D4F83E /* DelegationViewController.swift */ = {isa = PBXFileReference; lastKnownFileType = sourcecode.swift; path = DelegationViewController.swift; sourceTree = "<group>"; };
		2D399AB820E5613900D4F83E /* ContainmentViewController.swift */ = {isa = PBXFileReference; lastKnownFileType = sourcecode.swift; path = ContainmentViewController.swift; sourceTree = "<group>"; };
		2D399ABA20E5615500D4F83E /* NavigationViewController.swift */ = {isa = PBXFileReference; lastKnownFileType = sourcecode.swift; path = NavigationViewController.swift; sourceTree = "<group>"; };
		2D399ABC20E564EB00D4F83E /* ContainmentChildViewController.swift */ = {isa = PBXFileReference; lastKnownFileType = sourcecode.swift; path = ContainmentChildViewController.swift; sourceTree = "<group>"; };
		2D399AC120E5799400D4F83E /* NavigationInfoViewController.swift */ = {isa = PBXFileReference; lastKnownFileType = sourcecode.swift; path = NavigationInfoViewController.swift; sourceTree = "<group>"; };
		2D399AC320E57B2D00D4F83E /* NavigationSetUsernameViewController.swift */ = {isa = PBXFileReference; lastKnownFileType = sourcecode.swift; path = NavigationSetUsernameViewController.swift; sourceTree = "<group>"; };
		2D64C83220DAE96900D368AF /* MockNavigationState.swift */ = {isa = PBXFileReference; lastKnownFileType = sourcecode.swift; path = MockNavigationState.swift; sourceTree = "<group>"; };
		2D8C9092206A886B00B0F613 /* LaunchScreen.storyboard */ = {isa = PBXFileReference; lastKnownFileType = file.storyboard; path = LaunchScreen.storyboard; sourceTree = "<group>"; };
		2DD5EAFA20AF89B20059365E /* StatefulNavigationControllerSpec.swift */ = {isa = PBXFileReference; lastKnownFileType = sourcecode.swift; path = StatefulNavigationControllerSpec.swift; sourceTree = "<group>"; };
		2DD5EAFF20AF8B420059365E /* MockStatefulNavigationController.swift */ = {isa = PBXFileReference; lastKnownFileType = sourcecode.swift; path = MockStatefulNavigationController.swift; sourceTree = "<group>"; };
		2DD5EB0120AF8B550059365E /* MockState.swift */ = {isa = PBXFileReference; lastKnownFileType = sourcecode.swift; path = MockState.swift; sourceTree = "<group>"; };
		2DD5EB0420AF90380059365E /* NSLayoutConstraint+isPinning.swift */ = {isa = PBXFileReference; lastKnownFileType = sourcecode.swift; path = "NSLayoutConstraint+isPinning.swift"; sourceTree = "<group>"; };
		2DD774CB2065490C00DF05D1 /* RootViewController.swift */ = {isa = PBXFileReference; fileEncoding = 4; lastKnownFileType = sourcecode.swift; path = RootViewController.swift; sourceTree = "<group>"; };
		2DD774CC2065490C00DF05D1 /* Assets.xcassets */ = {isa = PBXFileReference; lastKnownFileType = folder.assetcatalog; path = Assets.xcassets; sourceTree = "<group>"; };
		2DD774D62065490D00DF05D1 /* AppDelegate.swift */ = {isa = PBXFileReference; fileEncoding = 4; lastKnownFileType = sourcecode.swift; path = AppDelegate.swift; sourceTree = "<group>"; };
		2DEF643B20655111000174ED /* MockUIViewController.swift */ = {isa = PBXFileReference; lastKnownFileType = sourcecode.swift; path = MockUIViewController.swift; sourceTree = "<group>"; };
		2DEF644120655328000174ED /* MockStatefulViewController.swift */ = {isa = PBXFileReference; fileEncoding = 4; lastKnownFileType = sourcecode.swift; path = MockStatefulViewController.swift; sourceTree = "<group>"; };
		2DEF644220655328000174ED /* ChildViewControllerSpec.swift */ = {isa = PBXFileReference; fileEncoding = 4; lastKnownFileType = sourcecode.swift; path = ChildViewControllerSpec.swift; sourceTree = "<group>"; };
		2DEF644320655328000174ED /* StatefulViewControllerSpec.swift */ = {isa = PBXFileReference; fileEncoding = 4; lastKnownFileType = sourcecode.swift; path = StatefulViewControllerSpec.swift; sourceTree = "<group>"; };
		33FB7658707B26E6F2E8137B /* Pods-Reinstate_Example.release.xcconfig */ = {isa = PBXFileReference; includeInIndex = 1; lastKnownFileType = text.xcconfig; name = "Pods-Reinstate_Example.release.xcconfig"; path = "Pods/Target Support Files/Pods-Reinstate_Example/Pods-Reinstate_Example.release.xcconfig"; sourceTree = "<group>"; };
		3C1B116718DBFA0B2D86F707 /* Pods-Reinstate_Example.debug.xcconfig */ = {isa = PBXFileReference; includeInIndex = 1; lastKnownFileType = text.xcconfig; name = "Pods-Reinstate_Example.debug.xcconfig"; path = "Pods/Target Support Files/Pods-Reinstate_Example/Pods-Reinstate_Example.debug.xcconfig"; sourceTree = "<group>"; };
		47B4C45D42B667F9099200F8 /* Pods_Reinstate_Tests.framework */ = {isa = PBXFileReference; explicitFileType = wrapper.framework; includeInIndex = 0; path = Pods_Reinstate_Tests.framework; sourceTree = BUILT_PRODUCTS_DIR; };
		607FACD01AFB9204008FA782 /* Reinstate_Example.app */ = {isa = PBXFileReference; explicitFileType = wrapper.application; includeInIndex = 0; path = Reinstate_Example.app; sourceTree = BUILT_PRODUCTS_DIR; };
		607FACD41AFB9204008FA782 /* Info.plist */ = {isa = PBXFileReference; lastKnownFileType = text.plist.xml; path = Info.plist; sourceTree = "<group>"; };
		607FACE51AFB9204008FA782 /* Reinstate_Tests.xctest */ = {isa = PBXFileReference; explicitFileType = wrapper.cfbundle; includeInIndex = 0; path = Reinstate_Tests.xctest; sourceTree = BUILT_PRODUCTS_DIR; };
		607FACEA1AFB9204008FA782 /* Info.plist */ = {isa = PBXFileReference; lastKnownFileType = text.plist.xml; path = Info.plist; sourceTree = "<group>"; };
		69744613DE5E3131E6F28398 /* Pods-Reinstate_Tests.release.xcconfig */ = {isa = PBXFileReference; includeInIndex = 1; lastKnownFileType = text.xcconfig; name = "Pods-Reinstate_Tests.release.xcconfig"; path = "Pods/Target Support Files/Pods-Reinstate_Tests/Pods-Reinstate_Tests.release.xcconfig"; sourceTree = "<group>"; };
		87B24F64B916857943635F1B /* LICENSE */ = {isa = PBXFileReference; includeInIndex = 1; lastKnownFileType = text; name = LICENSE; path = ../../LICENSE; sourceTree = "<group>"; };
		AB528C86BB6937B46AF90A8D /* Reinstate.podspec */ = {isa = PBXFileReference; includeInIndex = 1; lastKnownFileType = text; name = Reinstate.podspec; path = ../../Reinstate.podspec; sourceTree = "<group>"; xcLanguageSpecificationIdentifier = xcode.lang.ruby; };
		D02C6763EAF6C1A74F9B52D7 /* Pods-Reinstate_Tests.debug.xcconfig */ = {isa = PBXFileReference; includeInIndex = 1; lastKnownFileType = text.xcconfig; name = "Pods-Reinstate_Tests.debug.xcconfig"; path = "Pods/Target Support Files/Pods-Reinstate_Tests/Pods-Reinstate_Tests.debug.xcconfig"; sourceTree = "<group>"; };
/* End PBXFileReference section */

/* Begin PBXFrameworksBuildPhase section */
		607FACCD1AFB9204008FA782 /* Frameworks */ = {
			isa = PBXFrameworksBuildPhase;
			buildActionMask = 2147483647;
			files = (
				D5EA8C7C33470CA741ABEF93 /* Pods_Reinstate_Example.framework in Frameworks */,
			);
			runOnlyForDeploymentPostprocessing = 0;
		};
		607FACE21AFB9204008FA782 /* Frameworks */ = {
			isa = PBXFrameworksBuildPhase;
			buildActionMask = 2147483647;
			files = (
				FE21169CC0723F3B30382AF4 /* Pods_Reinstate_Tests.framework in Frameworks */,
			);
			runOnlyForDeploymentPostprocessing = 0;
		};
/* End PBXFrameworksBuildPhase section */

/* Begin PBXGroup section */
		2D0EDCC320B1B20900FD74D8 /* Navigation */ = {
			isa = PBXGroup;
			children = (
				2D64C83220DAE96900D368AF /* MockNavigationState.swift */,
				2DD5EAFF20AF8B420059365E /* MockStatefulNavigationController.swift */,
			);
			path = Navigation;
			sourceTree = "<group>";
		};
		2D0EDCC420B1B21D00FD74D8 /* TabBar */ = {
			isa = PBXGroup;
			children = (
				2D0EDCC120B1B20300FD74D8 /* MockStatefulTabBarController.swift */,
			);
			path = TabBar;
			sourceTree = "<group>";
		};
		2D399ABE20E5794A00D4F83E /* Delegation Example */ = {
			isa = PBXGroup;
			children = (
				2D399AB620E560A600D4F83E /* DelegationViewController.swift */,
			);
			path = "Delegation Example";
			sourceTree = "<group>";
		};
		2D399ABF20E5795300D4F83E /* Containment Example */ = {
			isa = PBXGroup;
			children = (
				2D399AB820E5613900D4F83E /* ContainmentViewController.swift */,
				2D399ABC20E564EB00D4F83E /* ContainmentChildViewController.swift */,
			);
			path = "Containment Example";
			sourceTree = "<group>";
		};
		2D399AC020E5795E00D4F83E /* Navigation Example */ = {
			isa = PBXGroup;
			children = (
				2D399ABA20E5615500D4F83E /* NavigationViewController.swift */,
				2D399AC120E5799400D4F83E /* NavigationInfoViewController.swift */,
				2D399AC320E57B2D00D4F83E /* NavigationSetUsernameViewController.swift */,
			);
			path = "Navigation Example";
			sourceTree = "<group>";
		};
		2DD5EAF820AF88B60059365E /* Specs */ = {
			isa = PBXGroup;
			children = (
				2DEF644220655328000174ED /* ChildViewControllerSpec.swift */,
				2DD5EAFA20AF89B20059365E /* StatefulNavigationControllerSpec.swift */,
				2DEF644320655328000174ED /* StatefulViewControllerSpec.swift */,
				2D0EDCC620B1B82C00FD74D8 /* StatefulTabBarControllerSpec.swift */,
			);
			path = Specs;
			sourceTree = "<group>";
		};
		2DD5EAF920AF88BD0059365E /* Mocks */ = {
			isa = PBXGroup;
			children = (
				2D0EDCC320B1B20900FD74D8 /* Navigation */,
				2D0EDCC420B1B21D00FD74D8 /* TabBar */,
				2DEF644120655328000174ED /* MockStatefulViewController.swift */,
				2DEF643B20655111000174ED /* MockUIViewController.swift */,
				2DD5EB0120AF8B550059365E /* MockState.swift */,
			);
			path = Mocks;
			sourceTree = "<group>";
		};
		2DD5EAFC20AF8A5D0059365E /* Controllers */ = {
			isa = PBXGroup;
			children = (
				2D399AC020E5795E00D4F83E /* Navigation Example */,
				2D399ABF20E5795300D4F83E /* Containment Example */,
				2D399ABE20E5794A00D4F83E /* Delegation Example */,
				2DD774CB2065490C00DF05D1 /* RootViewController.swift */,
			);
			path = Controllers;
			sourceTree = "<group>";
		};
		2DD5EAFD20AF8A670059365E /* Application */ = {
			isa = PBXGroup;
			children = (
				2DD774D62065490D00DF05D1 /* AppDelegate.swift */,
				2DD774CC2065490C00DF05D1 /* Assets.xcassets */,
				2D8C9092206A886B00B0F613 /* LaunchScreen.storyboard */,
			);
			path = Application;
			sourceTree = "<group>";
		};
		2DD5EB0320AF901A0059365E /* Utility */ = {
			isa = PBXGroup;
			children = (
				2DD5EB0420AF90380059365E /* NSLayoutConstraint+isPinning.swift */,
			);
			path = Utility;
			sourceTree = "<group>";
		};
		607FACC71AFB9204008FA782 = {
			isa = PBXGroup;
			children = (
				607FACD21AFB9204008FA782 /* Example for Reinstate */,
				814482190A8CAA4814460875 /* Frameworks */,
				7F2E8E9281636278337231B6 /* Pods */,
				607FACF51AFB993E008FA782 /* Podspec Metadata */,
				607FACD11AFB9204008FA782 /* Products */,
				607FACE81AFB9204008FA782 /* Tests */,
			);
			sourceTree = "<group>";
		};
		607FACD11AFB9204008FA782 /* Products */ = {
			isa = PBXGroup;
			children = (
				607FACD01AFB9204008FA782 /* Reinstate_Example.app */,
				607FACE51AFB9204008FA782 /* Reinstate_Tests.xctest */,
			);
			name = Products;
			sourceTree = "<group>";
		};
		607FACD21AFB9204008FA782 /* Example for Reinstate */ = {
			isa = PBXGroup;
			children = (
				2DD5EAFD20AF8A670059365E /* Application */,
				2DD5EAFC20AF8A5D0059365E /* Controllers */,
				607FACD31AFB9204008FA782 /* Supporting Files */,
			);
			path = "Example for Reinstate";
			sourceTree = "<group>";
		};
		607FACD31AFB9204008FA782 /* Supporting Files */ = {
			isa = PBXGroup;
			children = (
				607FACD41AFB9204008FA782 /* Info.plist */,
			);
			path = "Supporting Files";
			sourceTree = "<group>";
		};
		607FACE81AFB9204008FA782 /* Tests */ = {
			isa = PBXGroup;
			children = (
				2DD5EB0320AF901A0059365E /* Utility */,
				2DD5EAF920AF88BD0059365E /* Mocks */,
				2DD5EAF820AF88B60059365E /* Specs */,
				607FACE91AFB9204008FA782 /* Supporting Files */,
			);
			path = Tests;
			sourceTree = "<group>";
		};
		607FACE91AFB9204008FA782 /* Supporting Files */ = {
			isa = PBXGroup;
			children = (
				607FACEA1AFB9204008FA782 /* Info.plist */,
			);
			path = "Supporting Files";
			sourceTree = "<group>";
		};
		607FACF51AFB993E008FA782 /* Podspec Metadata */ = {
			isa = PBXGroup;
			children = (
				87B24F64B916857943635F1B /* LICENSE */,
				0E62A14BACAEA661656BA4FE /* README.md */,
				AB528C86BB6937B46AF90A8D /* Reinstate.podspec */,
			);
			path = "Podspec Metadata";
			sourceTree = "<group>";
		};
		7F2E8E9281636278337231B6 /* Pods */ = {
			isa = PBXGroup;
			children = (
				3C1B116718DBFA0B2D86F707 /* Pods-Reinstate_Example.debug.xcconfig */,
				33FB7658707B26E6F2E8137B /* Pods-Reinstate_Example.release.xcconfig */,
				D02C6763EAF6C1A74F9B52D7 /* Pods-Reinstate_Tests.debug.xcconfig */,
				69744613DE5E3131E6F28398 /* Pods-Reinstate_Tests.release.xcconfig */,
			);
			name = Pods;
			sourceTree = "<group>";
		};
		814482190A8CAA4814460875 /* Frameworks */ = {
			isa = PBXGroup;
			children = (
				0A1FB253ACB4FBA91DFBE9B5 /* Pods_Reinstate_Example.framework */,
				47B4C45D42B667F9099200F8 /* Pods_Reinstate_Tests.framework */,
			);
			name = Frameworks;
			sourceTree = "<group>";
		};
/* End PBXGroup section */

/* Begin PBXNativeTarget section */
		607FACCF1AFB9204008FA782 /* Reinstate_Example */ = {
			isa = PBXNativeTarget;
			buildConfigurationList = 607FACEF1AFB9204008FA782 /* Build configuration list for PBXNativeTarget "Reinstate_Example" */;
			buildPhases = (
				03FF2008541C919F7BA164DB /* [CP] Check Pods Manifest.lock */,
				607FACCC1AFB9204008FA782 /* Sources */,
				607FACCD1AFB9204008FA782 /* Frameworks */,
				607FACCE1AFB9204008FA782 /* Resources */,
				7A42A146E000D0CE64AE8945 /* [CP] Embed Pods Frameworks */,
				FB1A195F6C6727B1C80A9842 /* [CP] Copy Pods Resources */,
			);
			buildRules = (
			);
			dependencies = (
			);
			name = Reinstate_Example;
			productName = Reinstate;
			productReference = 607FACD01AFB9204008FA782 /* Reinstate_Example.app */;
			productType = "com.apple.product-type.application";
		};
		607FACE41AFB9204008FA782 /* Reinstate_Tests */ = {
			isa = PBXNativeTarget;
			buildConfigurationList = 607FACF21AFB9204008FA782 /* Build configuration list for PBXNativeTarget "Reinstate_Tests" */;
			buildPhases = (
				BF4CF6CD7F0CBF3326F586C5 /* [CP] Check Pods Manifest.lock */,
				607FACE11AFB9204008FA782 /* Sources */,
				607FACE21AFB9204008FA782 /* Frameworks */,
				607FACE31AFB9204008FA782 /* Resources */,
				62F0C4FEC418135DA662C6B9 /* [CP] Embed Pods Frameworks */,
				758656AE0912278FC50FE7AF /* [CP] Copy Pods Resources */,
			);
			buildRules = (
			);
			dependencies = (
				607FACE71AFB9204008FA782 /* PBXTargetDependency */,
			);
			name = Reinstate_Tests;
			productName = Tests;
			productReference = 607FACE51AFB9204008FA782 /* Reinstate_Tests.xctest */;
			productType = "com.apple.product-type.bundle.unit-test";
		};
/* End PBXNativeTarget section */

/* Begin PBXProject section */
		607FACC81AFB9204008FA782 /* Project object */ = {
			isa = PBXProject;
			attributes = {
				LastSwiftUpdateCheck = 0830;
				LastUpgradeCheck = 0930;
				ORGANIZATIONNAME = CocoaPods;
				TargetAttributes = {
					607FACCF1AFB9204008FA782 = {
						CreatedOnToolsVersion = 6.3.1;
						LastSwiftMigration = 0920;
					};
					607FACE41AFB9204008FA782 = {
						CreatedOnToolsVersion = 6.3.1;
						LastSwiftMigration = 0900;
						TestTargetID = 607FACCF1AFB9204008FA782;
					};
				};
			};
			buildConfigurationList = 607FACCB1AFB9204008FA782 /* Build configuration list for PBXProject "Reinstate" */;
			compatibilityVersion = "Xcode 3.2";
			developmentRegion = English;
			hasScannedForEncodings = 0;
			knownRegions = (
				en,
				Base,
			);
			mainGroup = 607FACC71AFB9204008FA782;
			productRefGroup = 607FACD11AFB9204008FA782 /* Products */;
			projectDirPath = "";
			projectRoot = "";
			targets = (
				607FACCF1AFB9204008FA782 /* Reinstate_Example */,
				607FACE41AFB9204008FA782 /* Reinstate_Tests */,
			);
		};
/* End PBXProject section */

/* Begin PBXResourcesBuildPhase section */
		607FACCE1AFB9204008FA782 /* Resources */ = {
			isa = PBXResourcesBuildPhase;
			buildActionMask = 2147483647;
			files = (
				2DD774D82065490D00DF05D1 /* Assets.xcassets in Resources */,
				2D8C9093206A886B00B0F613 /* LaunchScreen.storyboard in Resources */,
			);
			runOnlyForDeploymentPostprocessing = 0;
		};
		607FACE31AFB9204008FA782 /* Resources */ = {
			isa = PBXResourcesBuildPhase;
			buildActionMask = 2147483647;
			files = (
			);
			runOnlyForDeploymentPostprocessing = 0;
		};
/* End PBXResourcesBuildPhase section */

/* Begin PBXShellScriptBuildPhase section */
		03FF2008541C919F7BA164DB /* [CP] Check Pods Manifest.lock */ = {
			isa = PBXShellScriptBuildPhase;
			buildActionMask = 2147483647;
			files = (
			);
			inputPaths = (
				"${PODS_PODFILE_DIR_PATH}/Podfile.lock",
				"${PODS_ROOT}/Manifest.lock",
			);
			name = "[CP] Check Pods Manifest.lock";
			outputPaths = (
				"$(DERIVED_FILE_DIR)/Pods-Reinstate_Example-checkManifestLockResult.txt",
			);
			runOnlyForDeploymentPostprocessing = 0;
			shellPath = /bin/sh;
			shellScript = "diff \"${PODS_PODFILE_DIR_PATH}/Podfile.lock\" \"${PODS_ROOT}/Manifest.lock\" > /dev/null\nif [ $? != 0 ] ; then\n    # print error to STDERR\n    echo \"error: The sandbox is not in sync with the Podfile.lock. Run 'pod install' or update your CocoaPods installation.\" >&2\n    exit 1\nfi\n# This output is used by Xcode 'outputs' to avoid re-running this script phase.\necho \"SUCCESS\" > \"${SCRIPT_OUTPUT_FILE_0}\"\n";
			showEnvVarsInLog = 0;
		};
		62F0C4FEC418135DA662C6B9 /* [CP] Embed Pods Frameworks */ = {
			isa = PBXShellScriptBuildPhase;
			buildActionMask = 2147483647;
			files = (
			);
			inputPaths = (
				"${SRCROOT}/Pods/Target Support Files/Pods-Reinstate_Tests/Pods-Reinstate_Tests-frameworks.sh",
				"${BUILT_PRODUCTS_DIR}/Nimble/Nimble.framework",
				"${BUILT_PRODUCTS_DIR}/Quick/Quick.framework",
			);
			name = "[CP] Embed Pods Frameworks";
			outputPaths = (
				"${TARGET_BUILD_DIR}/${FRAMEWORKS_FOLDER_PATH}/Nimble.framework",
				"${TARGET_BUILD_DIR}/${FRAMEWORKS_FOLDER_PATH}/Quick.framework",
			);
			runOnlyForDeploymentPostprocessing = 0;
			shellPath = /bin/sh;
			shellScript = "\"${SRCROOT}/Pods/Target Support Files/Pods-Reinstate_Tests/Pods-Reinstate_Tests-frameworks.sh\"\n";
			showEnvVarsInLog = 0;
		};
		758656AE0912278FC50FE7AF /* [CP] Copy Pods Resources */ = {
			isa = PBXShellScriptBuildPhase;
			buildActionMask = 2147483647;
			files = (
			);
			inputPaths = (
			);
			name = "[CP] Copy Pods Resources";
			outputPaths = (
			);
			runOnlyForDeploymentPostprocessing = 0;
			shellPath = /bin/sh;
			shellScript = "\"${SRCROOT}/Pods/Target Support Files/Pods-Reinstate_Tests/Pods-Reinstate_Tests-resources.sh\"\n";
			showEnvVarsInLog = 0;
		};
		7A42A146E000D0CE64AE8945 /* [CP] Embed Pods Frameworks */ = {
			isa = PBXShellScriptBuildPhase;
			buildActionMask = 2147483647;
			files = (
			);
			inputPaths = (
				"${SRCROOT}/Pods/Target Support Files/Pods-Reinstate_Example/Pods-Reinstate_Example-frameworks.sh",
				"${BUILT_PRODUCTS_DIR}/Reinstate/Reinstate.framework",
			);
			name = "[CP] Embed Pods Frameworks";
			outputPaths = (
				"${TARGET_BUILD_DIR}/${FRAMEWORKS_FOLDER_PATH}/Reinstate.framework",
			);
			runOnlyForDeploymentPostprocessing = 0;
			shellPath = /bin/sh;
			shellScript = "\"${SRCROOT}/Pods/Target Support Files/Pods-Reinstate_Example/Pods-Reinstate_Example-frameworks.sh\"\n";
			showEnvVarsInLog = 0;
		};
		BF4CF6CD7F0CBF3326F586C5 /* [CP] Check Pods Manifest.lock */ = {
			isa = PBXShellScriptBuildPhase;
			buildActionMask = 2147483647;
			files = (
			);
			inputPaths = (
				"${PODS_PODFILE_DIR_PATH}/Podfile.lock",
				"${PODS_ROOT}/Manifest.lock",
			);
			name = "[CP] Check Pods Manifest.lock";
			outputPaths = (
				"$(DERIVED_FILE_DIR)/Pods-Reinstate_Tests-checkManifestLockResult.txt",
			);
			runOnlyForDeploymentPostprocessing = 0;
			shellPath = /bin/sh;
			shellScript = "diff \"${PODS_PODFILE_DIR_PATH}/Podfile.lock\" \"${PODS_ROOT}/Manifest.lock\" > /dev/null\nif [ $? != 0 ] ; then\n    # print error to STDERR\n    echo \"error: The sandbox is not in sync with the Podfile.lock. Run 'pod install' or update your CocoaPods installation.\" >&2\n    exit 1\nfi\n# This output is used by Xcode 'outputs' to avoid re-running this script phase.\necho \"SUCCESS\" > \"${SCRIPT_OUTPUT_FILE_0}\"\n";
			showEnvVarsInLog = 0;
		};
		FB1A195F6C6727B1C80A9842 /* [CP] Copy Pods Resources */ = {
			isa = PBXShellScriptBuildPhase;
			buildActionMask = 2147483647;
			files = (
			);
			inputPaths = (
			);
			name = "[CP] Copy Pods Resources";
			outputPaths = (
			);
			runOnlyForDeploymentPostprocessing = 0;
			shellPath = /bin/sh;
			shellScript = "\"${SRCROOT}/Pods/Target Support Files/Pods-Reinstate_Example/Pods-Reinstate_Example-resources.sh\"\n";
			showEnvVarsInLog = 0;
		};
/* End PBXShellScriptBuildPhase section */

/* Begin PBXSourcesBuildPhase section */
		607FACCC1AFB9204008FA782 /* Sources */ = {
			isa = PBXSourcesBuildPhase;
			buildActionMask = 2147483647;
			files = (
				2D399AB720E560A600D4F83E /* DelegationViewController.swift in Sources */,
				2DD774E02065490D00DF05D1 /* AppDelegate.swift in Sources */,
				2D399AB920E5613900D4F83E /* ContainmentViewController.swift in Sources */,
				2D399AC220E5799400D4F83E /* NavigationInfoViewController.swift in Sources */,
				2D399ABB20E5615500D4F83E /* NavigationViewController.swift in Sources */,
				2DD774D72065490D00DF05D1 /* RootViewController.swift in Sources */,
				2D399ABD20E564EB00D4F83E /* ContainmentChildViewController.swift in Sources */,
				2D399AC420E57B2D00D4F83E /* NavigationSetUsernameViewController.swift in Sources */,
			);
			runOnlyForDeploymentPostprocessing = 0;
		};
		607FACE11AFB9204008FA782 /* Sources */ = {
			isa = PBXSourcesBuildPhase;
			buildActionMask = 2147483647;
			files = (
				2D64C83420DAE9AA00D368AF /* MockNavigationState.swift in Sources */,
				2DD5EB0520AF90380059365E /* NSLayoutConstraint+isPinning.swift in Sources */,
				2DD5EB0220AF8B550059365E /* MockState.swift in Sources */,
				2DEF644620655328000174ED /* MockStatefulViewController.swift in Sources */,
				2D0EDCC520B1B24800FD74D8 /* MockStatefulTabBarController.swift in Sources */,
				2DD5EB0020AF8B420059365E /* MockStatefulNavigationController.swift in Sources */,
				2DEF643C20655111000174ED /* MockUIViewController.swift in Sources */,
				2D0EDCC820B1B84700FD74D8 /* StatefulTabBarControllerSpec.swift in Sources */,
				2DD5EAFB20AF89B20059365E /* StatefulNavigationControllerSpec.swift in Sources */,
				2DEF644720655328000174ED /* ChildViewControllerSpec.swift in Sources */,
				2DEF644820655328000174ED /* StatefulViewControllerSpec.swift in Sources */,
			);
			runOnlyForDeploymentPostprocessing = 0;
		};
/* End PBXSourcesBuildPhase section */

/* Begin PBXTargetDependency section */
		607FACE71AFB9204008FA782 /* PBXTargetDependency */ = {
			isa = PBXTargetDependency;
			target = 607FACCF1AFB9204008FA782 /* Reinstate_Example */;
			targetProxy = 607FACE61AFB9204008FA782 /* PBXContainerItemProxy */;
		};
/* End PBXTargetDependency section */

/* Begin XCBuildConfiguration section */
		607FACED1AFB9204008FA782 /* Debug */ = {
			isa = XCBuildConfiguration;
			buildSettings = {
				ALWAYS_SEARCH_USER_PATHS = NO;
				CLANG_CXX_LANGUAGE_STANDARD = "gnu++0x";
				CLANG_CXX_LIBRARY = "libc++";
				CLANG_ENABLE_MODULES = YES;
				CLANG_ENABLE_OBJC_ARC = YES;
				CLANG_WARN_BLOCK_CAPTURE_AUTORELEASING = YES;
				CLANG_WARN_BOOL_CONVERSION = YES;
				CLANG_WARN_COMMA = YES;
				CLANG_WARN_CONSTANT_CONVERSION = YES;
				CLANG_WARN_DEPRECATED_OBJC_IMPLEMENTATIONS = YES;
				CLANG_WARN_DIRECT_OBJC_ISA_USAGE = YES_ERROR;
				CLANG_WARN_EMPTY_BODY = YES;
				CLANG_WARN_ENUM_CONVERSION = YES;
				CLANG_WARN_INFINITE_RECURSION = YES;
				CLANG_WARN_INT_CONVERSION = YES;
				CLANG_WARN_NON_LITERAL_NULL_CONVERSION = YES;
				CLANG_WARN_OBJC_IMPLICIT_RETAIN_SELF = YES;
				CLANG_WARN_OBJC_LITERAL_CONVERSION = YES;
				CLANG_WARN_OBJC_ROOT_CLASS = YES_ERROR;
				CLANG_WARN_RANGE_LOOP_ANALYSIS = YES;
				CLANG_WARN_STRICT_PROTOTYPES = YES;
				CLANG_WARN_SUSPICIOUS_MOVE = YES;
				CLANG_WARN_UNREACHABLE_CODE = YES;
				CLANG_WARN__DUPLICATE_METHOD_MATCH = YES;
				"CODE_SIGN_IDENTITY[sdk=iphoneos*]" = "iPhone Developer";
				COPY_PHASE_STRIP = NO;
				DEBUG_INFORMATION_FORMAT = "dwarf-with-dsym";
				ENABLE_STRICT_OBJC_MSGSEND = YES;
				ENABLE_TESTABILITY = YES;
				GCC_C_LANGUAGE_STANDARD = gnu99;
				GCC_DYNAMIC_NO_PIC = NO;
				GCC_NO_COMMON_BLOCKS = YES;
				GCC_OPTIMIZATION_LEVEL = 0;
				GCC_PREPROCESSOR_DEFINITIONS = (
					"DEBUG=1",
					"$(inherited)",
				);
				GCC_SYMBOLS_PRIVATE_EXTERN = NO;
				GCC_WARN_64_TO_32_BIT_CONVERSION = YES;
				GCC_WARN_ABOUT_RETURN_TYPE = YES_ERROR;
				GCC_WARN_UNDECLARED_SELECTOR = YES;
				GCC_WARN_UNINITIALIZED_AUTOS = YES_AGGRESSIVE;
				GCC_WARN_UNUSED_FUNCTION = YES;
				GCC_WARN_UNUSED_VARIABLE = YES;
				IPHONEOS_DEPLOYMENT_TARGET = 10.0;
				MTL_ENABLE_DEBUG_INFO = YES;
				ONLY_ACTIVE_ARCH = YES;
				SDKROOT = iphoneos;
				SWIFT_OPTIMIZATION_LEVEL = "-Onone";
			};
			name = Debug;
		};
		607FACEE1AFB9204008FA782 /* Release */ = {
			isa = XCBuildConfiguration;
			buildSettings = {
				ALWAYS_SEARCH_USER_PATHS = NO;
				CLANG_CXX_LANGUAGE_STANDARD = "gnu++0x";
				CLANG_CXX_LIBRARY = "libc++";
				CLANG_ENABLE_MODULES = YES;
				CLANG_ENABLE_OBJC_ARC = YES;
				CLANG_WARN_BLOCK_CAPTURE_AUTORELEASING = YES;
				CLANG_WARN_BOOL_CONVERSION = YES;
				CLANG_WARN_COMMA = YES;
				CLANG_WARN_CONSTANT_CONVERSION = YES;
				CLANG_WARN_DEPRECATED_OBJC_IMPLEMENTATIONS = YES;
				CLANG_WARN_DIRECT_OBJC_ISA_USAGE = YES_ERROR;
				CLANG_WARN_EMPTY_BODY = YES;
				CLANG_WARN_ENUM_CONVERSION = YES;
				CLANG_WARN_INFINITE_RECURSION = YES;
				CLANG_WARN_INT_CONVERSION = YES;
				CLANG_WARN_NON_LITERAL_NULL_CONVERSION = YES;
				CLANG_WARN_OBJC_IMPLICIT_RETAIN_SELF = YES;
				CLANG_WARN_OBJC_LITERAL_CONVERSION = YES;
				CLANG_WARN_OBJC_ROOT_CLASS = YES_ERROR;
				CLANG_WARN_RANGE_LOOP_ANALYSIS = YES;
				CLANG_WARN_STRICT_PROTOTYPES = YES;
				CLANG_WARN_SUSPICIOUS_MOVE = YES;
				CLANG_WARN_UNREACHABLE_CODE = YES;
				CLANG_WARN__DUPLICATE_METHOD_MATCH = YES;
				"CODE_SIGN_IDENTITY[sdk=iphoneos*]" = "iPhone Developer";
				COPY_PHASE_STRIP = NO;
				DEBUG_INFORMATION_FORMAT = "dwarf-with-dsym";
				ENABLE_NS_ASSERTIONS = NO;
				ENABLE_STRICT_OBJC_MSGSEND = YES;
				GCC_C_LANGUAGE_STANDARD = gnu99;
				GCC_NO_COMMON_BLOCKS = YES;
				GCC_WARN_64_TO_32_BIT_CONVERSION = YES;
				GCC_WARN_ABOUT_RETURN_TYPE = YES_ERROR;
				GCC_WARN_UNDECLARED_SELECTOR = YES;
				GCC_WARN_UNINITIALIZED_AUTOS = YES_AGGRESSIVE;
				GCC_WARN_UNUSED_FUNCTION = YES;
				GCC_WARN_UNUSED_VARIABLE = YES;
				IPHONEOS_DEPLOYMENT_TARGET = 10.0;
				MTL_ENABLE_DEBUG_INFO = NO;
				SDKROOT = iphoneos;
				SWIFT_OPTIMIZATION_LEVEL = "-Owholemodule";
				VALIDATE_PRODUCT = YES;
			};
			name = Release;
		};
		607FACF01AFB9204008FA782 /* Debug */ = {
			isa = XCBuildConfiguration;
			baseConfigurationReference = 3C1B116718DBFA0B2D86F707 /* Pods-Reinstate_Example.debug.xcconfig */;
			buildSettings = {
				ASSETCATALOG_COMPILER_APPICON_NAME = AppIcon;
				CLANG_ENABLE_MODULES = YES;
				INFOPLIST_FILE = "Example for Reinstate/Supporting Files/Info.plist";
				LD_RUNPATH_SEARCH_PATHS = "$(inherited) @executable_path/Frameworks";
				MODULE_NAME = ExampleApp;
				PRODUCT_BUNDLE_IDENTIFIER = "org.cocoapods.demo.$(PRODUCT_NAME:rfc1034identifier)";
				PRODUCT_NAME = "$(TARGET_NAME)";
				SWIFT_OPTIMIZATION_LEVEL = "-Onone";
				SWIFT_SWIFT3_OBJC_INFERENCE = Default;
				SWIFT_VERSION = 4.0;
			};
			name = Debug;
		};
		607FACF11AFB9204008FA782 /* Release */ = {
			isa = XCBuildConfiguration;
			baseConfigurationReference = 33FB7658707B26E6F2E8137B /* Pods-Reinstate_Example.release.xcconfig */;
			buildSettings = {
				ASSETCATALOG_COMPILER_APPICON_NAME = AppIcon;
				CLANG_ENABLE_MODULES = YES;
				INFOPLIST_FILE = "Example for Reinstate/Supporting Files/Info.plist";
				LD_RUNPATH_SEARCH_PATHS = "$(inherited) @executable_path/Frameworks";
				MODULE_NAME = ExampleApp;
				PRODUCT_BUNDLE_IDENTIFIER = "org.cocoapods.demo.$(PRODUCT_NAME:rfc1034identifier)";
				PRODUCT_NAME = "$(TARGET_NAME)";
				SWIFT_SWIFT3_OBJC_INFERENCE = Default;
				SWIFT_VERSION = 4.0;
			};
			name = Release;
		};
		607FACF31AFB9204008FA782 /* Debug */ = {
			isa = XCBuildConfiguration;
			baseConfigurationReference = D02C6763EAF6C1A74F9B52D7 /* Pods-Reinstate_Tests.debug.xcconfig */;
			buildSettings = {
				ALWAYS_EMBED_SWIFT_STANDARD_LIBRARIES = YES;
				FRAMEWORK_SEARCH_PATHS = "$(inherited)";
				GCC_PREPROCESSOR_DEFINITIONS = (
					"DEBUG=1",
					"$(inherited)",
				);
				INFOPLIST_FILE = "Tests/Supporting Files/Info.plist";
				LD_RUNPATH_SEARCH_PATHS = "$(inherited) @executable_path/Frameworks @loader_path/Frameworks $(FRAMEWORK_SEARCH_PATHS)";
				PRODUCT_BUNDLE_IDENTIFIER = "org.cocoapods.$(PRODUCT_NAME:rfc1034identifier)";
				PRODUCT_NAME = "$(TARGET_NAME)";
				SWIFT_SWIFT3_OBJC_INFERENCE = Default;
				SWIFT_VERSION = 4.0;
				TEST_HOST = "$(BUILT_PRODUCTS_DIR)/Reinstate_Example.app/Reinstate_Example";
			};
			name = Debug;
		};
		607FACF41AFB9204008FA782 /* Release */ = {
			isa = XCBuildConfiguration;
			baseConfigurationReference = 69744613DE5E3131E6F28398 /* Pods-Reinstate_Tests.release.xcconfig */;
			buildSettings = {
				ALWAYS_EMBED_SWIFT_STANDARD_LIBRARIES = YES;
				FRAMEWORK_SEARCH_PATHS = "$(inherited)";
				INFOPLIST_FILE = "Tests/Supporting Files/Info.plist";
				LD_RUNPATH_SEARCH_PATHS = "$(inherited) @executable_path/Frameworks @loader_path/Frameworks $(FRAMEWORK_SEARCH_PATHS)";
				PRODUCT_BUNDLE_IDENTIFIER = "org.cocoapods.$(PRODUCT_NAME:rfc1034identifier)";
				PRODUCT_NAME = "$(TARGET_NAME)";
				SWIFT_SWIFT3_OBJC_INFERENCE = Default;
				SWIFT_VERSION = 4.0;
				TEST_HOST = "$(BUILT_PRODUCTS_DIR)/Reinstate_Example.app/Reinstate_Example";
			};
			name = Release;
		};
/* End XCBuildConfiguration section */

/* Begin XCConfigurationList section */
		607FACCB1AFB9204008FA782 /* Build configuration list for PBXProject "Reinstate" */ = {
			isa = XCConfigurationList;
			buildConfigurations = (
				607FACED1AFB9204008FA782 /* Debug */,
				607FACEE1AFB9204008FA782 /* Release */,
			);
			defaultConfigurationIsVisible = 0;
			defaultConfigurationName = Release;
		};
		607FACEF1AFB9204008FA782 /* Build configuration list for PBXNativeTarget "Reinstate_Example" */ = {
			isa = XCConfigurationList;
			buildConfigurations = (
				607FACF01AFB9204008FA782 /* Debug */,
				607FACF11AFB9204008FA782 /* Release */,
			);
			defaultConfigurationIsVisible = 0;
			defaultConfigurationName = Release;
		};
		607FACF21AFB9204008FA782 /* Build configuration list for PBXNativeTarget "Reinstate_Tests" */ = {
			isa = XCConfigurationList;
			buildConfigurations = (
				607FACF31AFB9204008FA782 /* Debug */,
				607FACF41AFB9204008FA782 /* Release */,
			);
			defaultConfigurationIsVisible = 0;
			defaultConfigurationName = Release;
		};
/* End XCConfigurationList section */
	};
	rootObject = 607FACC81AFB9204008FA782 /* Project object */;
}
